
Microsoft Visual Studio Solution File, Format Version 12.00
# Visual Studio Version 17
VisualStudioVersion = 17.4.33213.308
MinimumVisualStudioVersion = 10.0.40219.1
Project("{9A19103F-16F7-4668-BE54-9A1E7A4F7556}") = "CSharp", "CSharp\CSharp.csproj", "{FA7EB4B0-DB83-462A-8C97-3559D873D965}"
EndProject
Project("{9A19103F-16F7-4668-BE54-9A1E7A4F7556}") = "Class", "Class\Class.csproj", "{B192E6E5-5D1E-4D4F-B0EE-5F05DDFE0A97}"
EndProject
Project("{9A19103F-16F7-4668-BE54-9A1E7A4F7556}") = "Object", "Object\Object.csproj", "{F17CBB58-ED69-45A8-809D-E13A19272706}"
EndProject
Project("{9A19103F-16F7-4668-BE54-9A1E7A4F7556}") = "Encapsulation", "Encapsulation\Encapsulation.csproj", "{22DBA213-A24D-45FA-987E-F00E2EDFD1D4}"
EndProject
Project("{9A19103F-16F7-4668-BE54-9A1E7A4F7556}") = "Records", "Records\Records.csproj", "{BE43BE94-08D6-4797-96E9-894325DCC26F}"
EndProject
Project("{9A19103F-16F7-4668-BE54-9A1E7A4F7556}") = "Constructor", "Constructor\Constructor.csproj", "{39780C74-7B8E-4074-A7B8-8B0652903C2F}"
EndProject
Project("{FAE04EC0-301F-11D3-BF4B-00C04F79EFBC}") = "Destructor", "Destructor\Destructor.csproj", "{37C139A9-2C5B-4DF1-9FAD-BAABDE3A34B1}"
EndProject
Global
	GlobalSection(SolutionConfigurationPlatforms) = preSolution
		Debug|Any CPU = Debug|Any CPU
		Release|Any CPU = Release|Any CPU
	EndGlobalSection
	GlobalSection(ProjectConfigurationPlatforms) = postSolution
		{FA7EB4B0-DB83-462A-8C97-3559D873D965}.Debug|Any CPU.ActiveCfg = Debug|Any CPU
		{FA7EB4B0-DB83-462A-8C97-3559D873D965}.Debug|Any CPU.Build.0 = Debug|Any CPU
		{FA7EB4B0-DB83-462A-8C97-3559D873D965}.Release|Any CPU.ActiveCfg = Release|Any CPU
		{FA7EB4B0-DB83-462A-8C97-3559D873D965}.Release|Any CPU.Build.0 = Release|Any CPU
		{B192E6E5-5D1E-4D4F-B0EE-5F05DDFE0A97}.Debug|Any CPU.ActiveCfg = Debug|Any CPU
		{B192E6E5-5D1E-4D4F-B0EE-5F05DDFE0A97}.Debug|Any CPU.Build.0 = Debug|Any CPU
		{B192E6E5-5D1E-4D4F-B0EE-5F05DDFE0A97}.Release|Any CPU.ActiveCfg = Release|Any CPU
		{B192E6E5-5D1E-4D4F-B0EE-5F05DDFE0A97}.Release|Any CPU.Build.0 = Release|Any CPU
		{F17CBB58-ED69-45A8-809D-E13A19272706}.Debug|Any CPU.ActiveCfg = Debug|Any CPU
		{F17CBB58-ED69-45A8-809D-E13A19272706}.Debug|Any CPU.Build.0 = Debug|Any CPU
		{F17CBB58-ED69-45A8-809D-E13A19272706}.Release|Any CPU.ActiveCfg = Release|Any CPU
		{F17CBB58-ED69-45A8-809D-E13A19272706}.Release|Any CPU.Build.0 = Release|Any CPU
		{22DBA213-A24D-45FA-987E-F00E2EDFD1D4}.Debug|Any CPU.ActiveCfg = Debug|Any CPU
		{22DBA213-A24D-45FA-987E-F00E2EDFD1D4}.Debug|Any CPU.Build.0 = Debug|Any CPU
		{22DBA213-A24D-45FA-987E-F00E2EDFD1D4}.Release|Any CPU.ActiveCfg = Release|Any CPU
		{22DBA213-A24D-45FA-987E-F00E2EDFD1D4}.Release|Any CPU.Build.0 = Release|Any CPU
		{BE43BE94-08D6-4797-96E9-894325DCC26F}.Debug|Any CPU.ActiveCfg = Debug|Any CPU
		{BE43BE94-08D6-4797-96E9-894325DCC26F}.Debug|Any CPU.Build.0 = Debug|Any CPU
		{BE43BE94-08D6-4797-96E9-894325DCC26F}.Release|Any CPU.ActiveCfg = Release|Any CPU
		{BE43BE94-08D6-4797-96E9-894325DCC26F}.Release|Any CPU.Build.0 = Release|Any CPU
		{39780C74-7B8E-4074-A7B8-8B0652903C2F}.Debug|Any CPU.ActiveCfg = Debug|Any CPU
		{39780C74-7B8E-4074-A7B8-8B0652903C2F}.Debug|Any CPU.Build.0 = Debug|Any CPU
		{39780C74-7B8E-4074-A7B8-8B0652903C2F}.Release|Any CPU.ActiveCfg = Release|Any CPU
		{39780C74-7B8E-4074-A7B8-8B0652903C2F}.Release|Any CPU.Build.0 = Release|Any CPU
		{37C139A9-2C5B-4DF1-9FAD-BAABDE3A34B1}.Debug|Any CPU.ActiveCfg = Debug|Any CPU
		{37C139A9-2C5B-4DF1-9FAD-BAABDE3A34B1}.Debug|Any CPU.Build.0 = Debug|Any CPU
		{37C139A9-2C5B-4DF1-9FAD-BAABDE3A34B1}.Release|Any CPU.ActiveCfg = Release|Any CPU
		{37C139A9-2C5B-4DF1-9FAD-BAABDE3A34B1}.Release|Any CPU.Build.0 = Release|Any CPU
	EndGlobalSection
	GlobalSection(SolutionProperties) = preSolution
		HideSolutionNode = FALSE
	EndGlobalSection
	GlobalSection(ExtensibilityGlobals) = postSolution
		SolutionGuid = {51E630C8-6ABD-4EDB-BB24-47890EB86A67}
	EndGlobalSection
EndGlobal
