
Microsoft Visual Studio Solution File, Format Version 12.00
# Visual Studio Version 17
VisualStudioVersion = 17.4.33213.308
MinimumVisualStudioVersion = 10.0.40219.1
Project("{9A19103F-16F7-4668-BE54-9A1E7A4F7556}") = "CSharp", "CSharp\CSharp.csproj", "{FA7EB4B0-DB83-462A-8C97-3559D873D965}"
EndProject
Project("{9A19103F-16F7-4668-BE54-9A1E7A4F7556}") = "Loops", "Loops\Loops.csproj", "{4C8C3D42-D8EF-44B3-A999-1686A1C5444D}"
EndProject
Project("{9A19103F-16F7-4668-BE54-9A1E7A4F7556}") = "ClassIntro", "ClassIntro\ClassIntro.csproj", "{898A20D4-9036-4FD2-83E2-A2189E5D8B38}"
EndProject
Project("{9A19103F-16F7-4668-BE54-9A1E7A4F7556}") = "Functions", "Functions\Functions.csproj", "{C73EE040-1A43-46E9-AF7C-167009B56B72}"
EndProject
Project("{9A19103F-16F7-4668-BE54-9A1E7A4F7556}") = "Mathematics", "Mathematics\Mathematics.csproj", "{340F35C7-46ED-4B3E-A6EC-60EF6EB93BBA}"
EndProject
Project("{9A19103F-16F7-4668-BE54-9A1E7A4F7556}") = "ValueAndReferenceTypes", "ValueAndReferenceTypes\ValueAndReferenceTypes.csproj", "{8B45741B-BFE0-49EC-9979-F3B839025518}"
EndProject
Project("{9A19103F-16F7-4668-BE54-9A1E7A4F7556}") = "ClassFunctionDemo", "ClassFunctionDemo\ClassFunctionDemo.csproj", "{A68011E1-646C-4584-8C3C-A63C02B19FFE}"
EndProject
Project("{9A19103F-16F7-4668-BE54-9A1E7A4F7556}") = "OOP1", "OOP1\OOP1.csproj", "{B05C60E1-EE4C-4FE0-A029-364D3876F4B0}"
EndProject
Project("{9A19103F-16F7-4668-BE54-9A1E7A4F7556}") = "Collections", "Collections\Collections.csproj", "{37B9DCC5-CE94-4794-8648-45AEE12C084D}"
EndProject
Project("{9A19103F-16F7-4668-BE54-9A1E7A4F7556}") = "GenericsIntro", "GenericsIntro\GenericsIntro.csproj", "{C5810EB1-A573-4FBE-B9AA-C113C970067E}"
EndProject
Project("{9A19103F-16F7-4668-BE54-9A1E7A4F7556}") = "ValueAndReferenceTypesV2", "ReferenceTypes\ValueAndReferenceTypesV2.csproj", "{D329CF3D-5C83-4CBE-B100-033AB8A03BF4}"
EndProject
Project("{9A19103F-16F7-4668-BE54-9A1E7A4F7556}") = "ConstructorsIntro", "ConstructorsIntro\ConstructorsIntro.csproj", "{DC337530-3BF0-4911-8771-B3D236D0CCAE}"
EndProject
Project("{9A19103F-16F7-4668-BE54-9A1E7A4F7556}") = "OOP2", "OOP2\OOP2.csproj", "{4ED62A2B-3004-4A90-8717-E36CE99BC6DF}"
EndProject
Project("{FAE04EC0-301F-11D3-BF4B-00C04F79EFBC}") = "OOP3", "OOP3\OOP3.csproj", "{1A2A24FA-D8B5-476B-B63B-EE604EFC50D8}"
EndProject
Global
	GlobalSection(SolutionConfigurationPlatforms) = preSolution
		Debug|Any CPU = Debug|Any CPU
		Release|Any CPU = Release|Any CPU
	EndGlobalSection
	GlobalSection(ProjectConfigurationPlatforms) = postSolution
		{FA7EB4B0-DB83-462A-8C97-3559D873D965}.Debug|Any CPU.ActiveCfg = Debug|Any CPU
		{FA7EB4B0-DB83-462A-8C97-3559D873D965}.Debug|Any CPU.Build.0 = Debug|Any CPU
		{FA7EB4B0-DB83-462A-8C97-3559D873D965}.Release|Any CPU.ActiveCfg = Release|Any CPU
		{FA7EB4B0-DB83-462A-8C97-3559D873D965}.Release|Any CPU.Build.0 = Release|Any CPU
		{4C8C3D42-D8EF-44B3-A999-1686A1C5444D}.Debug|Any CPU.ActiveCfg = Debug|Any CPU
		{4C8C3D42-D8EF-44B3-A999-1686A1C5444D}.Debug|Any CPU.Build.0 = Debug|Any CPU
		{4C8C3D42-D8EF-44B3-A999-1686A1C5444D}.Release|Any CPU.ActiveCfg = Release|Any CPU
		{4C8C3D42-D8EF-44B3-A999-1686A1C5444D}.Release|Any CPU.Build.0 = Release|Any CPU
		{898A20D4-9036-4FD2-83E2-A2189E5D8B38}.Debug|Any CPU.ActiveCfg = Debug|Any CPU
		{898A20D4-9036-4FD2-83E2-A2189E5D8B38}.Debug|Any CPU.Build.0 = Debug|Any CPU
		{898A20D4-9036-4FD2-83E2-A2189E5D8B38}.Release|Any CPU.ActiveCfg = Release|Any CPU
		{898A20D4-9036-4FD2-83E2-A2189E5D8B38}.Release|Any CPU.Build.0 = Release|Any CPU
		{C73EE040-1A43-46E9-AF7C-167009B56B72}.Debug|Any CPU.ActiveCfg = Debug|Any CPU
		{C73EE040-1A43-46E9-AF7C-167009B56B72}.Debug|Any CPU.Build.0 = Debug|Any CPU
		{C73EE040-1A43-46E9-AF7C-167009B56B72}.Release|Any CPU.ActiveCfg = Release|Any CPU
		{C73EE040-1A43-46E9-AF7C-167009B56B72}.Release|Any CPU.Build.0 = Release|Any CPU
		{340F35C7-46ED-4B3E-A6EC-60EF6EB93BBA}.Debug|Any CPU.ActiveCfg = Debug|Any CPU
		{340F35C7-46ED-4B3E-A6EC-60EF6EB93BBA}.Debug|Any CPU.Build.0 = Debug|Any CPU
		{340F35C7-46ED-4B3E-A6EC-60EF6EB93BBA}.Release|Any CPU.ActiveCfg = Release|Any CPU
		{340F35C7-46ED-4B3E-A6EC-60EF6EB93BBA}.Release|Any CPU.Build.0 = Release|Any CPU
		{8B45741B-BFE0-49EC-9979-F3B839025518}.Debug|Any CPU.ActiveCfg = Debug|Any CPU
		{8B45741B-BFE0-49EC-9979-F3B839025518}.Debug|Any CPU.Build.0 = Debug|Any CPU
		{8B45741B-BFE0-49EC-9979-F3B839025518}.Release|Any CPU.ActiveCfg = Release|Any CPU
		{8B45741B-BFE0-49EC-9979-F3B839025518}.Release|Any CPU.Build.0 = Release|Any CPU
		{A68011E1-646C-4584-8C3C-A63C02B19FFE}.Debug|Any CPU.ActiveCfg = Debug|Any CPU
		{A68011E1-646C-4584-8C3C-A63C02B19FFE}.Debug|Any CPU.Build.0 = Debug|Any CPU
		{A68011E1-646C-4584-8C3C-A63C02B19FFE}.Release|Any CPU.ActiveCfg = Release|Any CPU
		{A68011E1-646C-4584-8C3C-A63C02B19FFE}.Release|Any CPU.Build.0 = Release|Any CPU
		{B05C60E1-EE4C-4FE0-A029-364D3876F4B0}.Debug|Any CPU.ActiveCfg = Debug|Any CPU
		{B05C60E1-EE4C-4FE0-A029-364D3876F4B0}.Debug|Any CPU.Build.0 = Debug|Any CPU
		{B05C60E1-EE4C-4FE0-A029-364D3876F4B0}.Release|Any CPU.ActiveCfg = Release|Any CPU
		{B05C60E1-EE4C-4FE0-A029-364D3876F4B0}.Release|Any CPU.Build.0 = Release|Any CPU
		{37B9DCC5-CE94-4794-8648-45AEE12C084D}.Debug|Any CPU.ActiveCfg = Debug|Any CPU
		{37B9DCC5-CE94-4794-8648-45AEE12C084D}.Debug|Any CPU.Build.0 = Debug|Any CPU
		{37B9DCC5-CE94-4794-8648-45AEE12C084D}.Release|Any CPU.ActiveCfg = Release|Any CPU
		{37B9DCC5-CE94-4794-8648-45AEE12C084D}.Release|Any CPU.Build.0 = Release|Any CPU
		{C5810EB1-A573-4FBE-B9AA-C113C970067E}.Debug|Any CPU.ActiveCfg = Debug|Any CPU
		{C5810EB1-A573-4FBE-B9AA-C113C970067E}.Debug|Any CPU.Build.0 = Debug|Any CPU
		{C5810EB1-A573-4FBE-B9AA-C113C970067E}.Release|Any CPU.ActiveCfg = Release|Any CPU
		{C5810EB1-A573-4FBE-B9AA-C113C970067E}.Release|Any CPU.Build.0 = Release|Any CPU
		{D329CF3D-5C83-4CBE-B100-033AB8A03BF4}.Debug|Any CPU.ActiveCfg = Debug|Any CPU
		{D329CF3D-5C83-4CBE-B100-033AB8A03BF4}.Debug|Any CPU.Build.0 = Debug|Any CPU
		{D329CF3D-5C83-4CBE-B100-033AB8A03BF4}.Release|Any CPU.ActiveCfg = Release|Any CPU
		{D329CF3D-5C83-4CBE-B100-033AB8A03BF4}.Release|Any CPU.Build.0 = Release|Any CPU
		{DC337530-3BF0-4911-8771-B3D236D0CCAE}.Debug|Any CPU.ActiveCfg = Debug|Any CPU
		{DC337530-3BF0-4911-8771-B3D236D0CCAE}.Debug|Any CPU.Build.0 = Debug|Any CPU
		{DC337530-3BF0-4911-8771-B3D236D0CCAE}.Release|Any CPU.ActiveCfg = Release|Any CPU
		{DC337530-3BF0-4911-8771-B3D236D0CCAE}.Release|Any CPU.Build.0 = Release|Any CPU
		{4ED62A2B-3004-4A90-8717-E36CE99BC6DF}.Debug|Any CPU.ActiveCfg = Debug|Any CPU
		{4ED62A2B-3004-4A90-8717-E36CE99BC6DF}.Debug|Any CPU.Build.0 = Debug|Any CPU
		{4ED62A2B-3004-4A90-8717-E36CE99BC6DF}.Release|Any CPU.ActiveCfg = Release|Any CPU
		{4ED62A2B-3004-4A90-8717-E36CE99BC6DF}.Release|Any CPU.Build.0 = Release|Any CPU
		{1A2A24FA-D8B5-476B-B63B-EE604EFC50D8}.Debug|Any CPU.ActiveCfg = Debug|Any CPU
		{1A2A24FA-D8B5-476B-B63B-EE604EFC50D8}.Debug|Any CPU.Build.0 = Debug|Any CPU
		{1A2A24FA-D8B5-476B-B63B-EE604EFC50D8}.Release|Any CPU.ActiveCfg = Release|Any CPU
		{1A2A24FA-D8B5-476B-B63B-EE604EFC50D8}.Release|Any CPU.Build.0 = Release|Any CPU
	EndGlobalSection
	GlobalSection(SolutionProperties) = preSolution
		HideSolutionNode = FALSE
	EndGlobalSection
	GlobalSection(ExtensibilityGlobals) = postSolution
		SolutionGuid = {51E630C8-6ABD-4EDB-BB24-47890EB86A67}
	EndGlobalSection
EndGlobal
